
Microsoft Visual Studio Solution File, Format Version 12.00
# Visual Studio 15
VisualStudioVersion = 15.0.28010.2048
MinimumVisualStudioVersion = 10.0.40219.1
Project("{D954291E-2A0B-460D-934E-DC6B0785DB48}") = "Api.Models", "Api.Models\Api.Models.shproj", "{006B13B9-4727-4C48-98EE-957F4FDFDD08}"
EndProject
Project("{D954291E-2A0B-460D-934E-DC6B0785DB48}") = "Api.Client", "Api.Client\Api.Client.shproj", "{A3C14A65-F65E-4944-9F2D-C2D3C8B4F936}"
EndProject
Project("{9A19103F-16F7-4668-BE54-9A1E7A4F7556}") = "Front", "Front\Front.csproj", "{2CE5E09B-081D-40F3-85B6-366E77037956}"
EndProject
Project("{9A19103F-16F7-4668-BE54-9A1E7A4F7556}") = "Database", "Database\Database.csproj", "{99DAB891-CA70-411C-877F-A569422BA53A}"
EndProject
Project("{9A19103F-16F7-4668-BE54-9A1E7A4F7556}") = "Api", "Api\Api.csproj", "{E82C89F9-1172-4583-BA9A-AB36915613AE}"
EndProject
Project("{9A19103F-16F7-4668-BE54-9A1E7A4F7556}") = "Database.Models", "Database.Models\Database.Models.csproj", "{8465EBC0-71AA-4D19-8979-857072BFCD93}"
EndProject
Project("{D954291E-2A0B-460D-934E-DC6B0785DB48}") = "Core", "Core\Core.shproj", "{133B49E5-F32A-4CD2-BD46-82EC69BA77BF}"
EndProject
Project("{2150E333-8FDC-42A3-9474-1A3956D46DE8}") = "Services", "Services", "{4E693690-FB94-488F-A62A-C033FEA04F32}"
EndProject
Project("{FAE04EC0-301F-11D3-BF4B-00C04F79EFBC}") = "Services.Email", "Services.Email\Services.Email.csproj", "{ED601BCF-D140-4F38-89F2-04487E066473}"
EndProject
Project("{FAE04EC0-301F-11D3-BF4B-00C04F79EFBC}") = "Auth", "Auth\Auth.csproj", "{16F3D6AB-A6D6-4189-9BC8-0AAB506EEB12}"
EndProject
Project("{FAE04EC0-301F-11D3-BF4B-00C04F79EFBC}") = "Services.Core", "Services.Core\Services.Core.csproj", "{7C361F0C-9D07-4B5C-8EC5-D30D09445B13}"
EndProject
Global
	GlobalSection(SharedMSBuildProjectFiles) = preSolution
		Api.Models\Api.Models.projitems*{006b13b9-4727-4c48-98ee-957f4fdfdd08}*SharedItemsImports = 13
		Core\Core.projitems*{133b49e5-f32a-4cd2-bd46-82ec69ba77bf}*SharedItemsImports = 13
		Api.Client\Api.Client.projitems*{a3c14a65-f65e-4944-9f2d-c2d3c8b4f936}*SharedItemsImports = 13
	EndGlobalSection
	GlobalSection(SolutionConfigurationPlatforms) = preSolution
		Debug|Any CPU = Debug|Any CPU
		Release|Any CPU = Release|Any CPU
	EndGlobalSection
	GlobalSection(ProjectConfigurationPlatforms) = postSolution
		{2CE5E09B-081D-40F3-85B6-366E77037956}.Debug|Any CPU.ActiveCfg = Debug|Any CPU
		{2CE5E09B-081D-40F3-85B6-366E77037956}.Debug|Any CPU.Build.0 = Debug|Any CPU
		{2CE5E09B-081D-40F3-85B6-366E77037956}.Release|Any CPU.ActiveCfg = Release|Any CPU
		{2CE5E09B-081D-40F3-85B6-366E77037956}.Release|Any CPU.Build.0 = Release|Any CPU
		{99DAB891-CA70-411C-877F-A569422BA53A}.Debug|Any CPU.ActiveCfg = Debug|Any CPU
		{99DAB891-CA70-411C-877F-A569422BA53A}.Debug|Any CPU.Build.0 = Debug|Any CPU
		{99DAB891-CA70-411C-877F-A569422BA53A}.Release|Any CPU.ActiveCfg = Release|Any CPU
		{99DAB891-CA70-411C-877F-A569422BA53A}.Release|Any CPU.Build.0 = Release|Any CPU
		{E82C89F9-1172-4583-BA9A-AB36915613AE}.Debug|Any CPU.ActiveCfg = Debug|Any CPU
		{E82C89F9-1172-4583-BA9A-AB36915613AE}.Debug|Any CPU.Build.0 = Debug|Any CPU
		{E82C89F9-1172-4583-BA9A-AB36915613AE}.Release|Any CPU.ActiveCfg = Release|Any CPU
		{E82C89F9-1172-4583-BA9A-AB36915613AE}.Release|Any CPU.Build.0 = Release|Any CPU
		{8465EBC0-71AA-4D19-8979-857072BFCD93}.Debug|Any CPU.ActiveCfg = Debug|Any CPU
		{8465EBC0-71AA-4D19-8979-857072BFCD93}.Debug|Any CPU.Build.0 = Debug|Any CPU
		{8465EBC0-71AA-4D19-8979-857072BFCD93}.Release|Any CPU.ActiveCfg = Release|Any CPU
		{8465EBC0-71AA-4D19-8979-857072BFCD93}.Release|Any CPU.Build.0 = Release|Any CPU
		{ED601BCF-D140-4F38-89F2-04487E066473}.Debug|Any CPU.ActiveCfg = Debug|Any CPU
		{ED601BCF-D140-4F38-89F2-04487E066473}.Debug|Any CPU.Build.0 = Debug|Any CPU
		{ED601BCF-D140-4F38-89F2-04487E066473}.Release|Any CPU.ActiveCfg = Release|Any CPU
		{ED601BCF-D140-4F38-89F2-04487E066473}.Release|Any CPU.Build.0 = Release|Any CPU
		{16F3D6AB-A6D6-4189-9BC8-0AAB506EEB12}.Debug|Any CPU.ActiveCfg = Debug|Any CPU
		{16F3D6AB-A6D6-4189-9BC8-0AAB506EEB12}.Debug|Any CPU.Build.0 = Debug|Any CPU
		{16F3D6AB-A6D6-4189-9BC8-0AAB506EEB12}.Release|Any CPU.ActiveCfg = Release|Any CPU
		{16F3D6AB-A6D6-4189-9BC8-0AAB506EEB12}.Release|Any CPU.Build.0 = Release|Any CPU
		{7C361F0C-9D07-4B5C-8EC5-D30D09445B13}.Debug|Any CPU.ActiveCfg = Debug|Any CPU
		{7C361F0C-9D07-4B5C-8EC5-D30D09445B13}.Debug|Any CPU.Build.0 = Debug|Any CPU
		{7C361F0C-9D07-4B5C-8EC5-D30D09445B13}.Release|Any CPU.ActiveCfg = Release|Any CPU
		{7C361F0C-9D07-4B5C-8EC5-D30D09445B13}.Release|Any CPU.Build.0 = Release|Any CPU
	EndGlobalSection
	GlobalSection(SolutionProperties) = preSolution
		HideSolutionNode = FALSE
	EndGlobalSection
	GlobalSection(ExtensibilityGlobals) = postSolution
		SolutionGuid = {B0314CA0-E957-44E4-9CDC-7539434DBB5E}
	EndGlobalSection
	GlobalSection(NestedProjects) = preSolution
		{ED601BCF-D140-4F38-89F2-04487E066473} = {4E693690-FB94-488F-A62A-C033FEA04F32}
		{7C361F0C-9D07-4B5C-8EC5-D30D09445B13} = {4E693690-FB94-488F-A62A-C033FEA04F32}
	EndGlobalSection
EndGlobal
