
Microsoft Visual Studio Solution File, Format Version 12.00
Project("{FAE04EC0-301F-11D3-BF4B-00C04F79EFBC}") = "Front", "Front\Front.csproj", "{624B604E-87BB-4475-BF22-8695C59CEBA2}"
EndProject
Project("{FAE04EC0-301F-11D3-BF4B-00C04F79EFBC}") = "Api", "Api\Api.csproj", "{0562F586-6A76-45EC-A748-16BFE5C4A731}"
EndProject
Project("{D954291E-2A0B-460D-934E-DC6B0785DB48}") = "Api.Models", "Api.Models\Api.Models.shproj", "{006B13B9-4727-4C48-98EE-957F4FDFDD08}"
EndProject
Project("{D954291E-2A0B-460D-934E-DC6B0785DB48}") = "Api.Client", "Api.Client\Api.Client.shproj", "{A3C14A65-F65E-4944-9F2D-C2D3C8B4F936}"
EndProject
Global
	GlobalSection(SolutionConfigurationPlatforms) = preSolution
		Debug|Any CPU = Debug|Any CPU
		Release|Any CPU = Release|Any CPU
	EndGlobalSection
	GlobalSection(ProjectConfigurationPlatforms) = postSolution
		{624B604E-87BB-4475-BF22-8695C59CEBA2}.Debug|Any CPU.ActiveCfg = Debug|Any CPU
		{624B604E-87BB-4475-BF22-8695C59CEBA2}.Debug|Any CPU.Build.0 = Debug|Any CPU
		{624B604E-87BB-4475-BF22-8695C59CEBA2}.Release|Any CPU.ActiveCfg = Release|Any CPU
		{624B604E-87BB-4475-BF22-8695C59CEBA2}.Release|Any CPU.Build.0 = Release|Any CPU
		{0562F586-6A76-45EC-A748-16BFE5C4A731}.Debug|Any CPU.ActiveCfg = Debug|Any CPU
		{0562F586-6A76-45EC-A748-16BFE5C4A731}.Debug|Any CPU.Build.0 = Debug|Any CPU
		{0562F586-6A76-45EC-A748-16BFE5C4A731}.Release|Any CPU.ActiveCfg = Release|Any CPU
		{0562F586-6A76-45EC-A748-16BFE5C4A731}.Release|Any CPU.Build.0 = Release|Any CPU
	EndGlobalSection
EndGlobal
